
Microsoft Visual Studio Solution File, Format Version 12.00
# Visual Studio 15
VisualStudioVersion = 15.0.28307.852
MinimumVisualStudioVersion = 10.0.40219.1
Project("{FAE04EC0-301F-11D3-BF4B-00C04F79EFBC}") = "ImageHUB", "ImageHUB\ImageHUB.csproj", "{4C889C81-766B-47B9-ADAB-0491AB0AAFF1}"
EndProject
Global
	GlobalSection(SolutionConfigurationPlatforms) = preSolution
		Debug|Any CPU = Debug|Any CPU
		Release|Any CPU = Release|Any CPU
	EndGlobalSection
	GlobalSection(ProjectConfigurationPlatforms) = postSolution
		{4C889C81-766B-47B9-ADAB-0491AB0AAFF1}.Debug|Any CPU.ActiveCfg = Debug|Any CPU
		{4C889C81-766B-47B9-ADAB-0491AB0AAFF1}.Debug|Any CPU.Build.0 = Debug|Any CPU
		{4C889C81-766B-47B9-ADAB-0491AB0AAFF1}.Release|Any CPU.ActiveCfg = Release|Any CPU
		{4C889C81-766B-47B9-ADAB-0491AB0AAFF1}.Release|Any CPU.Build.0 = Release|Any CPU
	EndGlobalSection
	GlobalSection(SolutionProperties) = preSolution
		HideSolutionNode = FALSE
	EndGlobalSection
	GlobalSection(ExtensibilityGlobals) = postSolution
		SolutionGuid = {336538A2-ECD2-48AA-A601-64620F60838F}
	EndGlobalSection
EndGlobal
