
Microsoft Visual Studio Solution File, Format Version 12.00
# Visual Studio Version 16
VisualStudioVersion = 16.0.29326.143
MinimumVisualStudioVersion = 10.0.40219.1
Project("{FAE04EC0-301F-11D3-BF4B-00C04F79EFBC}") = "imagehubsample", "imagehubsample.csproj", "{48DD8AAD-CDD0-4EEF-A120-3E8FCA17236C}"
EndProject
Global
	GlobalSection(SolutionConfigurationPlatforms) = preSolution
		Debug|Any CPU = Debug|Any CPU
		Release|Any CPU = Release|Any CPU
	EndGlobalSection
	GlobalSection(ProjectConfigurationPlatforms) = postSolution
		{48DD8AAD-CDD0-4EEF-A120-3E8FCA17236C}.Debug|Any CPU.ActiveCfg = Debug|Any CPU
		{48DD8AAD-CDD0-4EEF-A120-3E8FCA17236C}.Debug|Any CPU.Build.0 = Debug|Any CPU
		{48DD8AAD-CDD0-4EEF-A120-3E8FCA17236C}.Release|Any CPU.ActiveCfg = Release|Any CPU
		{48DD8AAD-CDD0-4EEF-A120-3E8FCA17236C}.Release|Any CPU.Build.0 = Release|Any CPU
	EndGlobalSection
	GlobalSection(SolutionProperties) = preSolution
		HideSolutionNode = FALSE
	EndGlobalSection
	GlobalSection(ExtensibilityGlobals) = postSolution
		SolutionGuid = {8EA54724-88A5-464C-9C25-A31E18B3F762}
	EndGlobalSection
EndGlobal
